{
  "name": "onlineeducation",
  "version": "1.0.0",
  "lockfileVersion": 1,
  "requires": true,
  "dependencies": {
    "@mdi/font": {
      "version": "6.7.96",
      "resolved": "https://registry.npmjs.org/@mdi/font/-/font-6.7.96.tgz",
      "integrity": "sha512-M68vlRhtmA/SpDjo2dV3SUZus20jrU9Zp2ggslfzh0cbFpygPukcVpBIA3pErwsukhYt4RfbgXpFi74SjixOrQ=="
    },
    "vue": {
      "version": "2.6.14",
      "resolved": "https://registry.npmjs.org/vue/-/vue-2.6.14.tgz",
      "integrity": "sha512-x2284lgYvjOMj3Za7kqzRcUSxBboHqtgRE2zlos1qWaOye5yUmHn42LB1250NJBLRwEcdrB0JRwyPTEPhfQjiQ=="
    },
    "vuetify": {
      "version": "2.6.6",
      "resolved": "https://registry.npmjs.org/vuetify/-/vuetify-2.6.6.tgz",
      "integrity": "sha512-H4KtxDFmDN8QiTRiGfBySyjMhVaHAJTKB0llGGKZT5jKxtnx9gvEtMWXKtVuRP0NJJP0H6xBPJHNOH7nT18qiQ=="
    }
  }
}
